Microsoft Visual Studio Solution File, Format Version 12.00
# Visual Studio Version 17
VisualStudioVersion = 17.5.2.0
MinimumVisualStudioVersion = 10.0.40219.1
Project("{FAE04EC0-301F-11D3-BF4B-00C04F79EFBC}") = "AgendamentoCuidados", "AgendamentoCuidados.csproj", "{CB266694-CB95-3EAD-5BAF-E436DD7C550F}"
EndProject
Global
	GlobalSection(SolutionConfigurationPlatforms) = preSolution
		Debug|Any CPU = Debug|Any CPU
		Release|Any CPU = Release|Any CPU
	EndGlobalSection
	GlobalSection(ProjectConfigurationPlatforms) = postSolution
		{CB266694-CB95-3EAD-5BAF-E436DD7C550F}.Debug|Any CPU.ActiveCfg = Debug|Any CPU
		{CB266694-CB95-3EAD-5BAF-E436DD7C550F}.Debug|Any CPU.Build.0 = Debug|Any CPU
		{CB266694-CB95-3EAD-5BAF-E436DD7C550F}.Release|Any CPU.ActiveCfg = Release|Any CPU
		{CB266694-CB95-3EAD-5BAF-E436DD7C550F}.Release|Any CPU.Build.0 = Release|Any CPU
	EndGlobalSection
	GlobalSection(SolutionProperties) = preSolution
		HideSolutionNode = FALSE
	EndGlobalSection
	GlobalSection(ExtensibilityGlobals) = postSolution
		SolutionGuid = {0B6E58B7-D5D1-4602-B3C3-6C5789CDC93E}
	EndGlobalSection
EndGlobal
